
Microsoft Visual Studio Solution File, Format Version 12.00
# Visual Studio Version 16
VisualStudioVersion = 16.0.31129.286
MinimumVisualStudioVersion = 10.0.40219.1
Project("{9A19103F-16F7-4668-BE54-9A1E7A4F7556}") = "HonkSharp", "HonkSharp\HonkSharp.csproj", "{81462982-2E88-4A79-99E3-4055EBA734F4}"
EndProject
Project("{FAE04EC0-301F-11D3-BF4B-00C04F79EFBC}") = "Playground", "Playground\Playground.csproj", "{DD541ED4-413E-4EA2-A125-1F3C3F11A7D4}"
EndProject
Project("{FAE04EC0-301F-11D3-BF4B-00C04F79EFBC}") = "Tests", "Tests\Tests.csproj", "{44008EAA-C170-4351-8B61-EC6450F53293}"
EndProject
Global
	GlobalSection(SolutionConfigurationPlatforms) = preSolution
		Debug|Any CPU = Debug|Any CPU
		Release|Any CPU = Release|Any CPU
	EndGlobalSection
	GlobalSection(ProjectConfigurationPlatforms) = postSolution
		{81462982-2E88-4A79-99E3-4055EBA734F4}.Debug|Any CPU.ActiveCfg = Debug|Any CPU
		{81462982-2E88-4A79-99E3-4055EBA734F4}.Debug|Any CPU.Build.0 = Debug|Any CPU
		{81462982-2E88-4A79-99E3-4055EBA734F4}.Release|Any CPU.ActiveCfg = Release|Any CPU
		{81462982-2E88-4A79-99E3-4055EBA734F4}.Release|Any CPU.Build.0 = Release|Any CPU
		{DD541ED4-413E-4EA2-A125-1F3C3F11A7D4}.Debug|Any CPU.ActiveCfg = Debug|Any CPU
		{DD541ED4-413E-4EA2-A125-1F3C3F11A7D4}.Debug|Any CPU.Build.0 = Debug|Any CPU
		{DD541ED4-413E-4EA2-A125-1F3C3F11A7D4}.Release|Any CPU.ActiveCfg = Release|Any CPU
		{DD541ED4-413E-4EA2-A125-1F3C3F11A7D4}.Release|Any CPU.Build.0 = Release|Any CPU
		{44008EAA-C170-4351-8B61-EC6450F53293}.Debug|Any CPU.ActiveCfg = Debug|Any CPU
		{44008EAA-C170-4351-8B61-EC6450F53293}.Debug|Any CPU.Build.0 = Debug|Any CPU
		{44008EAA-C170-4351-8B61-EC6450F53293}.Release|Any CPU.ActiveCfg = Release|Any CPU
		{44008EAA-C170-4351-8B61-EC6450F53293}.Release|Any CPU.Build.0 = Release|Any CPU
	EndGlobalSection
	GlobalSection(SolutionProperties) = preSolution
		HideSolutionNode = FALSE
	EndGlobalSection
	GlobalSection(ExtensibilityGlobals) = postSolution
		SolutionGuid = {1E24B4F9-4731-4293-84BF-B8E8AA2C65AA}
	EndGlobalSection
EndGlobal
